
Microsoft Visual Studio Solution File, Format Version 12.00
# Visual Studio Version 17
VisualStudioVersion = 17.5.33424.131
MinimumVisualStudioVersion = 10.0.40219.1
Project("{9A19103F-16F7-4668-BE54-9A1E7A4F7556}") = "Turbo.AspNetCore", "src\Turbo.AspNetCore\Turbo.AspNetCore.csproj", "{C3DE610B-365F-40CB-AEA5-2F4394B6012A}"
EndProject
Project("{2150E333-8FDC-42A3-9474-1A3956D46DE8}") = "src", "src", "{F2DBCBA9-F7C0-424B-A112-73AE7DA1998E}"
EndProject
Project("{2150E333-8FDC-42A3-9474-1A3956D46DE8}") = "examples", "examples", "{0CD50EEE-4BC9-47D8-A5E4-662BA737B461}"
EndProject
Project("{9A19103F-16F7-4668-BE54-9A1E7A4F7556}") = "WireFrame", "examples\WireFrame\WireFrame.csproj", "{A55DABC8-B97B-4257-989C-91C8FA505029}"
EndProject
Project("{9A19103F-16F7-4668-BE54-9A1E7A4F7556}") = "WireStream", "examples\WireStream\WireStream.csproj", "{E9A163C9-5381-4919-81BC-EB1123DA9836}"
EndProject
Project("{FAE04EC0-301F-11D3-BF4B-00C04F79EFBC}") = "Hotwire.AspNetCore", "src\Hotwire.AspNetCore\Hotwire.AspNetCore.csproj", "{1006AF48-A061-4D62-94EF-39FBB6B742A3}"
EndProject
Project("{FAE04EC0-301F-11D3-BF4B-00C04F79EFBC}") = "Stimulus.AspNetCore", "src\Stimulus.AspNetCore\Stimulus.AspNetCore.csproj", "{97DE1D93-F089-4584-888C-A157D3BFD098}"
EndProject
Project("{2150E333-8FDC-42A3-9474-1A3956D46DE8}") = "test", "test", "{6EB91D54-6946-4E07-B332-879DB9A39F18}"
EndProject
Project("{FAE04EC0-301F-11D3-BF4B-00C04F79EFBC}") = "Turbo.AspNetCore.Test", "test\Turbo.AspNetCore.Test\Turbo.AspNetCore.Test.csproj", "{49D9C4E0-8F52-4284-B4FC-3BA4D12B9F0D}"
EndProject
Project("{FAE04EC0-301F-11D3-BF4B-00C04F79EFBC}") = "WireDrive", "examples\WireDrive\WireDrive.csproj", "{A3FA07B6-911A-42AB-8324-2734872E4F2B}"
EndProject
Global
	GlobalSection(SolutionConfigurationPlatforms) = preSolution
		Debug|Any CPU = Debug|Any CPU
		Debug|x64 = Debug|x64
		Debug|x86 = Debug|x86
		Release|Any CPU = Release|Any CPU
		Release|x64 = Release|x64
		Release|x86 = Release|x86
	EndGlobalSection
	GlobalSection(ProjectConfigurationPlatforms) = postSolution
		{C3DE610B-365F-40CB-AEA5-2F4394B6012A}.Debug|Any CPU.ActiveCfg = Debug|Any CPU
		{C3DE610B-365F-40CB-AEA5-2F4394B6012A}.Debug|Any CPU.Build.0 = Debug|Any CPU
		{C3DE610B-365F-40CB-AEA5-2F4394B6012A}.Debug|x64.ActiveCfg = Debug|Any CPU
		{C3DE610B-365F-40CB-AEA5-2F4394B6012A}.Debug|x64.Build.0 = Debug|Any CPU
		{C3DE610B-365F-40CB-AEA5-2F4394B6012A}.Debug|x86.ActiveCfg = Debug|Any CPU
		{C3DE610B-365F-40CB-AEA5-2F4394B6012A}.Debug|x86.Build.0 = Debug|Any CPU
		{C3DE610B-365F-40CB-AEA5-2F4394B6012A}.Release|Any CPU.ActiveCfg = Release|Any CPU
		{C3DE610B-365F-40CB-AEA5-2F4394B6012A}.Release|Any CPU.Build.0 = Release|Any CPU
		{C3DE610B-365F-40CB-AEA5-2F4394B6012A}.Release|x64.ActiveCfg = Release|Any CPU
		{C3DE610B-365F-40CB-AEA5-2F4394B6012A}.Release|x64.Build.0 = Release|Any CPU
		{C3DE610B-365F-40CB-AEA5-2F4394B6012A}.Release|x86.ActiveCfg = Release|Any CPU
		{C3DE610B-365F-40CB-AEA5-2F4394B6012A}.Release|x86.Build.0 = Release|Any CPU
		{A55DABC8-B97B-4257-989C-91C8FA505029}.Debug|Any CPU.ActiveCfg = Debug|Any CPU
		{A55DABC8-B97B-4257-989C-91C8FA505029}.Debug|Any CPU.Build.0 = Debug|Any CPU
		{A55DABC8-B97B-4257-989C-91C8FA505029}.Debug|x64.ActiveCfg = Debug|Any CPU
		{A55DABC8-B97B-4257-989C-91C8FA505029}.Debug|x64.Build.0 = Debug|Any CPU
		{A55DABC8-B97B-4257-989C-91C8FA505029}.Debug|x86.ActiveCfg = Debug|Any CPU
		{A55DABC8-B97B-4257-989C-91C8FA505029}.Debug|x86.Build.0 = Debug|Any CPU
		{A55DABC8-B97B-4257-989C-91C8FA505029}.Release|Any CPU.ActiveCfg = Release|Any CPU
		{A55DABC8-B97B-4257-989C-91C8FA505029}.Release|Any CPU.Build.0 = Release|Any CPU
		{A55DABC8-B97B-4257-989C-91C8FA505029}.Release|x64.ActiveCfg = Release|Any CPU
		{A55DABC8-B97B-4257-989C-91C8FA505029}.Release|x64.Build.0 = Release|Any CPU
		{A55DABC8-B97B-4257-989C-91C8FA505029}.Release|x86.ActiveCfg = Release|Any CPU
		{A55DABC8-B97B-4257-989C-91C8FA505029}.Release|x86.Build.0 = Release|Any CPU
		{E9A163C9-5381-4919-81BC-EB1123DA9836}.Debug|Any CPU.ActiveCfg = Debug|Any CPU
		{E9A163C9-5381-4919-81BC-EB1123DA9836}.Debug|Any CPU.Build.0 = Debug|Any CPU
		{E9A163C9-5381-4919-81BC-EB1123DA9836}.Debug|x64.ActiveCfg = Debug|Any CPU
		{E9A163C9-5381-4919-81BC-EB1123DA9836}.Debug|x64.Build.0 = Debug|Any CPU
		{E9A163C9-5381-4919-81BC-EB1123DA9836}.Debug|x86.ActiveCfg = Debug|Any CPU
		{E9A163C9-5381-4919-81BC-EB1123DA9836}.Debug|x86.Build.0 = Debug|Any CPU
		{E9A163C9-5381-4919-81BC-EB1123DA9836}.Release|Any CPU.ActiveCfg = Release|Any CPU
		{E9A163C9-5381-4919-81BC-EB1123DA9836}.Release|Any CPU.Build.0 = Release|Any CPU
		{E9A163C9-5381-4919-81BC-EB1123DA9836}.Release|x64.ActiveCfg = Release|Any CPU
		{E9A163C9-5381-4919-81BC-EB1123DA9836}.Release|x64.Build.0 = Release|Any CPU
		{E9A163C9-5381-4919-81BC-EB1123DA9836}.Release|x86.ActiveCfg = Release|Any CPU
		{E9A163C9-5381-4919-81BC-EB1123DA9836}.Release|x86.Build.0 = Release|Any CPU
		{1006AF48-A061-4D62-94EF-39FBB6B742A3}.Debug|Any CPU.ActiveCfg = Debug|Any CPU
		{1006AF48-A061-4D62-94EF-39FBB6B742A3}.Debug|Any CPU.Build.0 = Debug|Any CPU
		{1006AF48-A061-4D62-94EF-39FBB6B742A3}.Debug|x64.ActiveCfg = Debug|Any CPU
		{1006AF48-A061-4D62-94EF-39FBB6B742A3}.Debug|x64.Build.0 = Debug|Any CPU
		{1006AF48-A061-4D62-94EF-39FBB6B742A3}.Debug|x86.ActiveCfg = Debug|Any CPU
		{1006AF48-A061-4D62-94EF-39FBB6B742A3}.Debug|x86.Build.0 = Debug|Any CPU
		{1006AF48-A061-4D62-94EF-39FBB6B742A3}.Release|Any CPU.ActiveCfg = Release|Any CPU
		{1006AF48-A061-4D62-94EF-39FBB6B742A3}.Release|Any CPU.Build.0 = Release|Any CPU
		{1006AF48-A061-4D62-94EF-39FBB6B742A3}.Release|x64.ActiveCfg = Release|Any CPU
		{1006AF48-A061-4D62-94EF-39FBB6B742A3}.Release|x64.Build.0 = Release|Any CPU
		{1006AF48-A061-4D62-94EF-39FBB6B742A3}.Release|x86.ActiveCfg = Release|Any CPU
		{1006AF48-A061-4D62-94EF-39FBB6B742A3}.Release|x86.Build.0 = Release|Any CPU
		{97DE1D93-F089-4584-888C-A157D3BFD098}.Debug|Any CPU.ActiveCfg = Debug|Any CPU
		{97DE1D93-F089-4584-888C-A157D3BFD098}.Debug|Any CPU.Build.0 = Debug|Any CPU
		{97DE1D93-F089-4584-888C-A157D3BFD098}.Debug|x64.ActiveCfg = Debug|Any CPU
		{97DE1D93-F089-4584-888C-A157D3BFD098}.Debug|x64.Build.0 = Debug|Any CPU
		{97DE1D93-F089-4584-888C-A157D3BFD098}.Debug|x86.ActiveCfg = Debug|Any CPU
		{97DE1D93-F089-4584-888C-A157D3BFD098}.Debug|x86.Build.0 = Debug|Any CPU
		{97DE1D93-F089-4584-888C-A157D3BFD098}.Release|Any CPU.ActiveCfg = Release|Any CPU
		{97DE1D93-F089-4584-888C-A157D3BFD098}.Release|Any CPU.Build.0 = Release|Any CPU
		{97DE1D93-F089-4584-888C-A157D3BFD098}.Release|x64.ActiveCfg = Release|Any CPU
		{97DE1D93-F089-4584-888C-A157D3BFD098}.Release|x64.Build.0 = Release|Any CPU
		{97DE1D93-F089-4584-888C-A157D3BFD098}.Release|x86.ActiveCfg = Release|Any CPU
		{97DE1D93-F089-4584-888C-A157D3BFD098}.Release|x86.Build.0 = Release|Any CPU
		{49D9C4E0-8F52-4284-B4FC-3BA4D12B9F0D}.Debug|Any CPU.ActiveCfg = Debug|Any CPU
		{49D9C4E0-8F52-4284-B4FC-3BA4D12B9F0D}.Debug|Any CPU.Build.0 = Debug|Any CPU
		{49D9C4E0-8F52-4284-B4FC-3BA4D12B9F0D}.Debug|x64.ActiveCfg = Debug|Any CPU
		{49D9C4E0-8F52-4284-B4FC-3BA4D12B9F0D}.Debug|x64.Build.0 = Debug|Any CPU
		{49D9C4E0-8F52-4284-B4FC-3BA4D12B9F0D}.Debug|x86.ActiveCfg = Debug|Any CPU
		{49D9C4E0-8F52-4284-B4FC-3BA4D12B9F0D}.Debug|x86.Build.0 = Debug|Any CPU
		{49D9C4E0-8F52-4284-B4FC-3BA4D12B9F0D}.Release|Any CPU.ActiveCfg = Release|Any CPU
		{49D9C4E0-8F52-4284-B4FC-3BA4D12B9F0D}.Release|Any CPU.Build.0 = Release|Any CPU
		{49D9C4E0-8F52-4284-B4FC-3BA4D12B9F0D}.Release|x64.ActiveCfg = Release|Any CPU
		{49D9C4E0-8F52-4284-B4FC-3BA4D12B9F0D}.Release|x64.Build.0 = Release|Any CPU
		{49D9C4E0-8F52-4284-B4FC-3BA4D12B9F0D}.Release|x86.ActiveCfg = Release|Any CPU
		{49D9C4E0-8F52-4284-B4FC-3BA4D12B9F0D}.Release|x86.Build.0 = Release|Any CPU
		{A3FA07B6-911A-42AB-8324-2734872E4F2B}.Debug|Any CPU.ActiveCfg = Debug|Any CPU
		{A3FA07B6-911A-42AB-8324-2734872E4F2B}.Debug|Any CPU.Build.0 = Debug|Any CPU
		{A3FA07B6-911A-42AB-8324-2734872E4F2B}.Debug|x64.ActiveCfg = Debug|Any CPU
		{A3FA07B6-911A-42AB-8324-2734872E4F2B}.Debug|x64.Build.0 = Debug|Any CPU
		{A3FA07B6-911A-42AB-8324-2734872E4F2B}.Debug|x86.ActiveCfg = Debug|Any CPU
		{A3FA07B6-911A-42AB-8324-2734872E4F2B}.Debug|x86.Build.0 = Debug|Any CPU
		{A3FA07B6-911A-42AB-8324-2734872E4F2B}.Release|Any CPU.ActiveCfg = Release|Any CPU
		{A3FA07B6-911A-42AB-8324-2734872E4F2B}.Release|Any CPU.Build.0 = Release|Any CPU
		{A3FA07B6-911A-42AB-8324-2734872E4F2B}.Release|x64.ActiveCfg = Release|Any CPU
		{A3FA07B6-911A-42AB-8324-2734872E4F2B}.Release|x64.Build.0 = Release|Any CPU
		{A3FA07B6-911A-42AB-8324-2734872E4F2B}.Release|x86.ActiveCfg = Release|Any CPU
		{A3FA07B6-911A-42AB-8324-2734872E4F2B}.Release|x86.Build.0 = Release|Any CPU
	EndGlobalSection
	GlobalSection(SolutionProperties) = preSolution
		HideSolutionNode = FALSE
	EndGlobalSection
	GlobalSection(NestedProjects) = preSolution
		{C3DE610B-365F-40CB-AEA5-2F4394B6012A} = {F2DBCBA9-F7C0-424B-A112-73AE7DA1998E}
		{A55DABC8-B97B-4257-989C-91C8FA505029} = {0CD50EEE-4BC9-47D8-A5E4-662BA737B461}
		{E9A163C9-5381-4919-81BC-EB1123DA9836} = {0CD50EEE-4BC9-47D8-A5E4-662BA737B461}
		{1006AF48-A061-4D62-94EF-39FBB6B742A3} = {F2DBCBA9-F7C0-424B-A112-73AE7DA1998E}
		{97DE1D93-F089-4584-888C-A157D3BFD098} = {F2DBCBA9-F7C0-424B-A112-73AE7DA1998E}
		{49D9C4E0-8F52-4284-B4FC-3BA4D12B9F0D} = {6EB91D54-6946-4E07-B332-879DB9A39F18}
		{A3FA07B6-911A-42AB-8324-2734872E4F2B} = {0CD50EEE-4BC9-47D8-A5E4-662BA737B461}
	EndGlobalSection
	GlobalSection(ExtensibilityGlobals) = postSolution
		SolutionGuid = {B66CD46B-E4E1-4C33-A71E-4499DD101E07}
	EndGlobalSection
EndGlobal
